
Microsoft Visual Studio Solution File, Format Version 12.00
# Visual Studio 2012
Project("{FAE04EC0-301F-11D3-BF4B-00C04F79EFBC}") = "ejercicio01", "ejercicio01\ejercicio01.csproj", "{FF4C0569-2F23-4630-9236-4823E6010EFE}"
EndProject
Project("{FAE04EC0-301F-11D3-BF4B-00C04F79EFBC}") = "clase02", "clase02\clase02.csproj", "{D647376F-1908-4B9B-A0D0-7B8E5AFD0F48}"
EndProject
Project("{FAE04EC0-301F-11D3-BF4B-00C04F79EFBC}") = "ejercicio02", "ejercicio02\ejercicio02.csproj", "{FD576963-4C28-4062-83B1-9531FA75F276}"
EndProject
Project("{FAE04EC0-301F-11D3-BF4B-00C04F79EFBC}") = "clase03", "Clase 03\clase03.csproj", "{157A47E0-DF2E-43C3-8DAD-6718BEF305E9}"
EndProject
Project("{FAE04EC0-301F-11D3-BF4B-00C04F79EFBC}") = "ejercicio03", "ejercicio03\ejercicio03.csproj", "{F5E6FCF1-0A4C-4B0E-852D-D8F447B16C03}"
EndProject
Project("{FAE04EC0-301F-11D3-BF4B-00C04F79EFBC}") = "clase04", "clase04\clase04.csproj", "{965FFDEE-0C22-4280-BC92-8B6A289360FE}"
EndProject
Project("{FAE04EC0-301F-11D3-BF4B-00C04F79EFBC}") = "ejercicio04", "ejercicio04\ejercicio04.csproj", "{1E7A2CF8-D3B7-41C0-81B7-E07B9D9C4B69}"
EndProject
Project("{FAE04EC0-301F-11D3-BF4B-00C04F79EFBC}") = "clase05", "clase05\clase05.csproj", "{D1E6CD07-6F43-4811-B1E7-7FB2DEE0B55F}"
EndProject
Project("{FAE04EC0-301F-11D3-BF4B-00C04F79EFBC}") = "ejercicio06", "ejercicio06\ejercicio06.csproj", "{7F699406-20BE-4B91-ABA6-A5ACC539D598}"
EndProject
Project("{FAE04EC0-301F-11D3-BF4B-00C04F79EFBC}") = "ejercicio07", "ejercicio07\ejercicio07.csproj", "{7D4E9DCE-E70C-49D0-AAD3-D7F3A09CACDC}"
EndProject
Project("{FAE04EC0-301F-11D3-BF4B-00C04F79EFBC}") = "ejercicio13", "ejercicio13\ejercicio13.csproj", "{D8A22787-5E83-4F46-9F16-C1764BB45837}"
EndProject
Project("{FAE04EC0-301F-11D3-BF4B-00C04F79EFBC}") = "clase06", "clase06\clase06.csproj", "{800EB284-A4BF-4ABB-BAAE-3C44527C22BD}"
EndProject
Project("{FAE04EC0-301F-11D3-BF4B-00C04F79EFBC}") = "clase07", "clase07\clase07.csproj", "{5A40018E-D1BC-475D-978F-EB248D8C1E77}"
EndProject
Project("{FAE04EC0-301F-11D3-BF4B-00C04F79EFBC}") = "lavadero", "lavadero\lavadero.csproj", "{A55374F8-8F16-4B3F-8CA6-D892206DC30B}"
EndProject
Project("{FAE04EC0-301F-11D3-BF4B-00C04F79EFBC}") = "clase09", "clase09\clase09.csproj", "{CB7431E4-D50F-4407-B389-578DE3C94C89}"
EndProject
Project("{FAE04EC0-301F-11D3-BF4B-00C04F79EFBC}") = "clase08", "clase08\clase08.csproj", "{BC84D1C1-2D0A-4DAA-8E2D-4633C503D88B}"
EndProject
Global
	GlobalSection(SolutionConfigurationPlatforms) = preSolution
		Debug|Any CPU = Debug|Any CPU
		Release|Any CPU = Release|Any CPU
	EndGlobalSection
	GlobalSection(ProjectConfigurationPlatforms) = postSolution
		{FF4C0569-2F23-4630-9236-4823E6010EFE}.Debug|Any CPU.ActiveCfg = Debug|Any CPU
		{FF4C0569-2F23-4630-9236-4823E6010EFE}.Debug|Any CPU.Build.0 = Debug|Any CPU
		{FF4C0569-2F23-4630-9236-4823E6010EFE}.Release|Any CPU.ActiveCfg = Release|Any CPU
		{FF4C0569-2F23-4630-9236-4823E6010EFE}.Release|Any CPU.Build.0 = Release|Any CPU
		{D647376F-1908-4B9B-A0D0-7B8E5AFD0F48}.Debug|Any CPU.ActiveCfg = Debug|Any CPU
		{D647376F-1908-4B9B-A0D0-7B8E5AFD0F48}.Debug|Any CPU.Build.0 = Debug|Any CPU
		{D647376F-1908-4B9B-A0D0-7B8E5AFD0F48}.Release|Any CPU.ActiveCfg = Release|Any CPU
		{D647376F-1908-4B9B-A0D0-7B8E5AFD0F48}.Release|Any CPU.Build.0 = Release|Any CPU
		{FD576963-4C28-4062-83B1-9531FA75F276}.Debug|Any CPU.ActiveCfg = Debug|Any CPU
		{FD576963-4C28-4062-83B1-9531FA75F276}.Debug|Any CPU.Build.0 = Debug|Any CPU
		{FD576963-4C28-4062-83B1-9531FA75F276}.Release|Any CPU.ActiveCfg = Release|Any CPU
		{FD576963-4C28-4062-83B1-9531FA75F276}.Release|Any CPU.Build.0 = Release|Any CPU
		{157A47E0-DF2E-43C3-8DAD-6718BEF305E9}.Debug|Any CPU.ActiveCfg = Debug|Any CPU
		{157A47E0-DF2E-43C3-8DAD-6718BEF305E9}.Debug|Any CPU.Build.0 = Debug|Any CPU
		{157A47E0-DF2E-43C3-8DAD-6718BEF305E9}.Release|Any CPU.ActiveCfg = Release|Any CPU
		{157A47E0-DF2E-43C3-8DAD-6718BEF305E9}.Release|Any CPU.Build.0 = Release|Any CPU
		{F5E6FCF1-0A4C-4B0E-852D-D8F447B16C03}.Debug|Any CPU.ActiveCfg = Debug|Any CPU
		{F5E6FCF1-0A4C-4B0E-852D-D8F447B16C03}.Debug|Any CPU.Build.0 = Debug|Any CPU
		{F5E6FCF1-0A4C-4B0E-852D-D8F447B16C03}.Release|Any CPU.ActiveCfg = Release|Any CPU
		{F5E6FCF1-0A4C-4B0E-852D-D8F447B16C03}.Release|Any CPU.Build.0 = Release|Any CPU
		{965FFDEE-0C22-4280-BC92-8B6A289360FE}.Debug|Any CPU.ActiveCfg = Debug|Any CPU
		{965FFDEE-0C22-4280-BC92-8B6A289360FE}.Debug|Any CPU.Build.0 = Debug|Any CPU
		{965FFDEE-0C22-4280-BC92-8B6A289360FE}.Release|Any CPU.ActiveCfg = Release|Any CPU
		{965FFDEE-0C22-4280-BC92-8B6A289360FE}.Release|Any CPU.Build.0 = Release|Any CPU
		{1E7A2CF8-D3B7-41C0-81B7-E07B9D9C4B69}.Debug|Any CPU.ActiveCfg = Debug|Any CPU
		{1E7A2CF8-D3B7-41C0-81B7-E07B9D9C4B69}.Debug|Any CPU.Build.0 = Debug|Any CPU
		{1E7A2CF8-D3B7-41C0-81B7-E07B9D9C4B69}.Release|Any CPU.ActiveCfg = Release|Any CPU
		{1E7A2CF8-D3B7-41C0-81B7-E07B9D9C4B69}.Release|Any CPU.Build.0 = Release|Any CPU
		{D1E6CD07-6F43-4811-B1E7-7FB2DEE0B55F}.Debug|Any CPU.ActiveCfg = Debug|Any CPU
		{D1E6CD07-6F43-4811-B1E7-7FB2DEE0B55F}.Debug|Any CPU.Build.0 = Debug|Any CPU
		{D1E6CD07-6F43-4811-B1E7-7FB2DEE0B55F}.Release|Any CPU.ActiveCfg = Release|Any CPU
		{D1E6CD07-6F43-4811-B1E7-7FB2DEE0B55F}.Release|Any CPU.Build.0 = Release|Any CPU
		{7F699406-20BE-4B91-ABA6-A5ACC539D598}.Debug|Any CPU.ActiveCfg = Debug|Any CPU
		{7F699406-20BE-4B91-ABA6-A5ACC539D598}.Debug|Any CPU.Build.0 = Debug|Any CPU
		{7F699406-20BE-4B91-ABA6-A5ACC539D598}.Release|Any CPU.ActiveCfg = Release|Any CPU
		{7F699406-20BE-4B91-ABA6-A5ACC539D598}.Release|Any CPU.Build.0 = Release|Any CPU
		{7D4E9DCE-E70C-49D0-AAD3-D7F3A09CACDC}.Debug|Any CPU.ActiveCfg = Debug|Any CPU
		{7D4E9DCE-E70C-49D0-AAD3-D7F3A09CACDC}.Debug|Any CPU.Build.0 = Debug|Any CPU
		{7D4E9DCE-E70C-49D0-AAD3-D7F3A09CACDC}.Release|Any CPU.ActiveCfg = Release|Any CPU
		{7D4E9DCE-E70C-49D0-AAD3-D7F3A09CACDC}.Release|Any CPU.Build.0 = Release|Any CPU
		{D8A22787-5E83-4F46-9F16-C1764BB45837}.Debug|Any CPU.ActiveCfg = Debug|Any CPU
		{D8A22787-5E83-4F46-9F16-C1764BB45837}.Debug|Any CPU.Build.0 = Debug|Any CPU
		{D8A22787-5E83-4F46-9F16-C1764BB45837}.Release|Any CPU.ActiveCfg = Release|Any CPU
		{D8A22787-5E83-4F46-9F16-C1764BB45837}.Release|Any CPU.Build.0 = Release|Any CPU
		{800EB284-A4BF-4ABB-BAAE-3C44527C22BD}.Debug|Any CPU.ActiveCfg = Debug|Any CPU
		{800EB284-A4BF-4ABB-BAAE-3C44527C22BD}.Debug|Any CPU.Build.0 = Debug|Any CPU
		{800EB284-A4BF-4ABB-BAAE-3C44527C22BD}.Release|Any CPU.ActiveCfg = Release|Any CPU
		{800EB284-A4BF-4ABB-BAAE-3C44527C22BD}.Release|Any CPU.Build.0 = Release|Any CPU
		{5A40018E-D1BC-475D-978F-EB248D8C1E77}.Debug|Any CPU.ActiveCfg = Debug|Any CPU
		{5A40018E-D1BC-475D-978F-EB248D8C1E77}.Debug|Any CPU.Build.0 = Debug|Any CPU
		{5A40018E-D1BC-475D-978F-EB248D8C1E77}.Release|Any CPU.ActiveCfg = Release|Any CPU
		{5A40018E-D1BC-475D-978F-EB248D8C1E77}.Release|Any CPU.Build.0 = Release|Any CPU
		{A55374F8-8F16-4B3F-8CA6-D892206DC30B}.Debug|Any CPU.ActiveCfg = Debug|Any CPU
		{A55374F8-8F16-4B3F-8CA6-D892206DC30B}.Debug|Any CPU.Build.0 = Debug|Any CPU
		{A55374F8-8F16-4B3F-8CA6-D892206DC30B}.Release|Any CPU.ActiveCfg = Release|Any CPU
		{A55374F8-8F16-4B3F-8CA6-D892206DC30B}.Release|Any CPU.Build.0 = Release|Any CPU
		{CB7431E4-D50F-4407-B389-578DE3C94C89}.Debug|Any CPU.ActiveCfg = Debug|Any CPU
		{CB7431E4-D50F-4407-B389-578DE3C94C89}.Debug|Any CPU.Build.0 = Debug|Any CPU
		{CB7431E4-D50F-4407-B389-578DE3C94C89}.Release|Any CPU.ActiveCfg = Release|Any CPU
		{CB7431E4-D50F-4407-B389-578DE3C94C89}.Release|Any CPU.Build.0 = Release|Any CPU
		{BC84D1C1-2D0A-4DAA-8E2D-4633C503D88B}.Debug|Any CPU.ActiveCfg = Debug|Any CPU
		{BC84D1C1-2D0A-4DAA-8E2D-4633C503D88B}.Debug|Any CPU.Build.0 = Debug|Any CPU
		{BC84D1C1-2D0A-4DAA-8E2D-4633C503D88B}.Release|Any CPU.ActiveCfg = Release|Any CPU
		{BC84D1C1-2D0A-4DAA-8E2D-4633C503D88B}.Release|Any CPU.Build.0 = Release|Any CPU
	EndGlobalSection
	GlobalSection(SolutionProperties) = preSolution
		HideSolutionNode = FALSE
	EndGlobalSection
EndGlobal
