
Microsoft Visual Studio Solution File, Format Version 12.00
# Visual Studio 2012
Project("{FAE04EC0-301F-11D3-BF4B-00C04F79EFBC}") = "ejercicio01", "ejercicio01\ejercicio01.csproj", "{FF4C0569-2F23-4630-9236-4823E6010EFE}"
EndProject
Project("{FAE04EC0-301F-11D3-BF4B-00C04F79EFBC}") = "clase02", "clase02\clase02.csproj", "{D647376F-1908-4B9B-A0D0-7B8E5AFD0F48}"
EndProject
Project("{FAE04EC0-301F-11D3-BF4B-00C04F79EFBC}") = "ejercicio02", "ejercicio02\ejercicio02.csproj", "{FD576963-4C28-4062-83B1-9531FA75F276}"
EndProject
Project("{FAE04EC0-301F-11D3-BF4B-00C04F79EFBC}") = "clase03", "Clase 03\clase03.csproj", "{157A47E0-DF2E-43C3-8DAD-6718BEF305E9}"
EndProject
Project("{FAE04EC0-301F-11D3-BF4B-00C04F79EFBC}") = "ejercicio03", "ejercicio03\ejercicio03.csproj", "{F5E6FCF1-0A4C-4B0E-852D-D8F447B16C03}"
EndProject
Global
	GlobalSection(SolutionConfigurationPlatforms) = preSolution
		Debug|Any CPU = Debug|Any CPU
		Release|Any CPU = Release|Any CPU
	EndGlobalSection
	GlobalSection(ProjectConfigurationPlatforms) = postSolution
		{FF4C0569-2F23-4630-9236-4823E6010EFE}.Debug|Any CPU.ActiveCfg = Debug|Any CPU
		{FF4C0569-2F23-4630-9236-4823E6010EFE}.Debug|Any CPU.Build.0 = Debug|Any CPU
		{FF4C0569-2F23-4630-9236-4823E6010EFE}.Release|Any CPU.ActiveCfg = Release|Any CPU
		{FF4C0569-2F23-4630-9236-4823E6010EFE}.Release|Any CPU.Build.0 = Release|Any CPU
		{D647376F-1908-4B9B-A0D0-7B8E5AFD0F48}.Debug|Any CPU.ActiveCfg = Debug|Any CPU
		{D647376F-1908-4B9B-A0D0-7B8E5AFD0F48}.Debug|Any CPU.Build.0 = Debug|Any CPU
		{D647376F-1908-4B9B-A0D0-7B8E5AFD0F48}.Release|Any CPU.ActiveCfg = Release|Any CPU
		{D647376F-1908-4B9B-A0D0-7B8E5AFD0F48}.Release|Any CPU.Build.0 = Release|Any CPU
		{FD576963-4C28-4062-83B1-9531FA75F276}.Debug|Any CPU.ActiveCfg = Debug|Any CPU
		{FD576963-4C28-4062-83B1-9531FA75F276}.Debug|Any CPU.Build.0 = Debug|Any CPU
		{FD576963-4C28-4062-83B1-9531FA75F276}.Release|Any CPU.ActiveCfg = Release|Any CPU
		{FD576963-4C28-4062-83B1-9531FA75F276}.Release|Any CPU.Build.0 = Release|Any CPU
		{157A47E0-DF2E-43C3-8DAD-6718BEF305E9}.Debug|Any CPU.ActiveCfg = Debug|Any CPU
		{157A47E0-DF2E-43C3-8DAD-6718BEF305E9}.Debug|Any CPU.Build.0 = Debug|Any CPU
		{157A47E0-DF2E-43C3-8DAD-6718BEF305E9}.Release|Any CPU.ActiveCfg = Release|Any CPU
		{157A47E0-DF2E-43C3-8DAD-6718BEF305E9}.Release|Any CPU.Build.0 = Release|Any CPU
		{F5E6FCF1-0A4C-4B0E-852D-D8F447B16C03}.Debug|Any CPU.ActiveCfg = Debug|Any CPU
		{F5E6FCF1-0A4C-4B0E-852D-D8F447B16C03}.Debug|Any CPU.Build.0 = Debug|Any CPU
		{F5E6FCF1-0A4C-4B0E-852D-D8F447B16C03}.Release|Any CPU.ActiveCfg = Release|Any CPU
		{F5E6FCF1-0A4C-4B0E-852D-D8F447B16C03}.Release|Any CPU.Build.0 = Release|Any CPU
	EndGlobalSection
	GlobalSection(SolutionProperties) = preSolution
		HideSolutionNode = FALSE
	EndGlobalSection
EndGlobal
